
Microsoft Visual Studio Solution File, Format Version 12.00
# Visual Studio 15
VisualStudioVersion = 15.0.26124.0
MinimumVisualStudioVersion = 15.0.26124.0
Project("{FAE04EC0-301F-11D3-BF4B-00C04F79EFBC}") = "Application", "Application\Application.csproj", "{012BEC6C-F108-4978-8230-104BD54C6430}"
EndProject
Project("{FAE04EC0-301F-11D3-BF4B-00C04F79EFBC}") = "Domain", "Domain\Domain.csproj", "{93EE04AD-D6A4-454A-B113-1F880B83A118}"
EndProject
Project("{FAE04EC0-301F-11D3-BF4B-00C04F79EFBC}") = "Persistence", "Persistence\Persistence.csproj", "{9F15702E-D0E6-4B8F-A339-36A7D317E0EA}"
EndProject
Project("{FAE04EC0-301F-11D3-BF4B-00C04F79EFBC}") = "API", "API\API.csproj", "{B2419E2E-3CD2-4A05-90B0-E46ED8A9FFA7}"
EndProject
Global
	GlobalSection(SolutionConfigurationPlatforms) = preSolution
		Debug|Any CPU = Debug|Any CPU
		Debug|x64 = Debug|x64
		Debug|x86 = Debug|x86
		Release|Any CPU = Release|Any CPU
		Release|x64 = Release|x64
		Release|x86 = Release|x86
	EndGlobalSection
	GlobalSection(SolutionProperties) = preSolution
		HideSolutionNode = FALSE
	EndGlobalSection
	GlobalSection(ProjectConfigurationPlatforms) = postSolution
		{012BEC6C-F108-4978-8230-104BD54C6430}.Debug|Any CPU.ActiveCfg = Debug|Any CPU
		{012BEC6C-F108-4978-8230-104BD54C6430}.Debug|Any CPU.Build.0 = Debug|Any CPU
		{012BEC6C-F108-4978-8230-104BD54C6430}.Debug|x64.ActiveCfg = Debug|Any CPU
		{012BEC6C-F108-4978-8230-104BD54C6430}.Debug|x64.Build.0 = Debug|Any CPU
		{012BEC6C-F108-4978-8230-104BD54C6430}.Debug|x86.ActiveCfg = Debug|Any CPU
		{012BEC6C-F108-4978-8230-104BD54C6430}.Debug|x86.Build.0 = Debug|Any CPU
		{012BEC6C-F108-4978-8230-104BD54C6430}.Release|Any CPU.ActiveCfg = Release|Any CPU
		{012BEC6C-F108-4978-8230-104BD54C6430}.Release|Any CPU.Build.0 = Release|Any CPU
		{012BEC6C-F108-4978-8230-104BD54C6430}.Release|x64.ActiveCfg = Release|Any CPU
		{012BEC6C-F108-4978-8230-104BD54C6430}.Release|x64.Build.0 = Release|Any CPU
		{012BEC6C-F108-4978-8230-104BD54C6430}.Release|x86.ActiveCfg = Release|Any CPU
		{012BEC6C-F108-4978-8230-104BD54C6430}.Release|x86.Build.0 = Release|Any CPU
		{93EE04AD-D6A4-454A-B113-1F880B83A118}.Debug|Any CPU.ActiveCfg = Debug|Any CPU
		{93EE04AD-D6A4-454A-B113-1F880B83A118}.Debug|Any CPU.Build.0 = Debug|Any CPU
		{93EE04AD-D6A4-454A-B113-1F880B83A118}.Debug|x64.ActiveCfg = Debug|Any CPU
		{93EE04AD-D6A4-454A-B113-1F880B83A118}.Debug|x64.Build.0 = Debug|Any CPU
		{93EE04AD-D6A4-454A-B113-1F880B83A118}.Debug|x86.ActiveCfg = Debug|Any CPU
		{93EE04AD-D6A4-454A-B113-1F880B83A118}.Debug|x86.Build.0 = Debug|Any CPU
		{93EE04AD-D6A4-454A-B113-1F880B83A118}.Release|Any CPU.ActiveCfg = Release|Any CPU
		{93EE04AD-D6A4-454A-B113-1F880B83A118}.Release|Any CPU.Build.0 = Release|Any CPU
		{93EE04AD-D6A4-454A-B113-1F880B83A118}.Release|x64.ActiveCfg = Release|Any CPU
		{93EE04AD-D6A4-454A-B113-1F880B83A118}.Release|x64.Build.0 = Release|Any CPU
		{93EE04AD-D6A4-454A-B113-1F880B83A118}.Release|x86.ActiveCfg = Release|Any CPU
		{93EE04AD-D6A4-454A-B113-1F880B83A118}.Release|x86.Build.0 = Release|Any CPU
		{9F15702E-D0E6-4B8F-A339-36A7D317E0EA}.Debug|Any CPU.ActiveCfg = Debug|Any CPU
		{9F15702E-D0E6-4B8F-A339-36A7D317E0EA}.Debug|Any CPU.Build.0 = Debug|Any CPU
		{9F15702E-D0E6-4B8F-A339-36A7D317E0EA}.Debug|x64.ActiveCfg = Debug|Any CPU
		{9F15702E-D0E6-4B8F-A339-36A7D317E0EA}.Debug|x64.Build.0 = Debug|Any CPU
		{9F15702E-D0E6-4B8F-A339-36A7D317E0EA}.Debug|x86.ActiveCfg = Debug|Any CPU
		{9F15702E-D0E6-4B8F-A339-36A7D317E0EA}.Debug|x86.Build.0 = Debug|Any CPU
		{9F15702E-D0E6-4B8F-A339-36A7D317E0EA}.Release|Any CPU.ActiveCfg = Release|Any CPU
		{9F15702E-D0E6-4B8F-A339-36A7D317E0EA}.Release|Any CPU.Build.0 = Release|Any CPU
		{9F15702E-D0E6-4B8F-A339-36A7D317E0EA}.Release|x64.ActiveCfg = Release|Any CPU
		{9F15702E-D0E6-4B8F-A339-36A7D317E0EA}.Release|x64.Build.0 = Release|Any CPU
		{9F15702E-D0E6-4B8F-A339-36A7D317E0EA}.Release|x86.ActiveCfg = Release|Any CPU
		{9F15702E-D0E6-4B8F-A339-36A7D317E0EA}.Release|x86.Build.0 = Release|Any CPU
		{B2419E2E-3CD2-4A05-90B0-E46ED8A9FFA7}.Debug|Any CPU.ActiveCfg = Debug|Any CPU
		{B2419E2E-3CD2-4A05-90B0-E46ED8A9FFA7}.Debug|Any CPU.Build.0 = Debug|Any CPU
		{B2419E2E-3CD2-4A05-90B0-E46ED8A9FFA7}.Debug|x64.ActiveCfg = Debug|Any CPU
		{B2419E2E-3CD2-4A05-90B0-E46ED8A9FFA7}.Debug|x64.Build.0 = Debug|Any CPU
		{B2419E2E-3CD2-4A05-90B0-E46ED8A9FFA7}.Debug|x86.ActiveCfg = Debug|Any CPU
		{B2419E2E-3CD2-4A05-90B0-E46ED8A9FFA7}.Debug|x86.Build.0 = Debug|Any CPU
		{B2419E2E-3CD2-4A05-90B0-E46ED8A9FFA7}.Release|Any CPU.ActiveCfg = Release|Any CPU
		{B2419E2E-3CD2-4A05-90B0-E46ED8A9FFA7}.Release|Any CPU.Build.0 = Release|Any CPU
		{B2419E2E-3CD2-4A05-90B0-E46ED8A9FFA7}.Release|x64.ActiveCfg = Release|Any CPU
		{B2419E2E-3CD2-4A05-90B0-E46ED8A9FFA7}.Release|x64.Build.0 = Release|Any CPU
		{B2419E2E-3CD2-4A05-90B0-E46ED8A9FFA7}.Release|x86.ActiveCfg = Release|Any CPU
		{B2419E2E-3CD2-4A05-90B0-E46ED8A9FFA7}.Release|x86.Build.0 = Release|Any CPU
	EndGlobalSection
EndGlobal
